
Microsoft Visual Studio Solution File, Format Version 12.00
# Visual Studio Version 17
VisualStudioVersion = 17.7.34031.279
MinimumVisualStudioVersion = 10.0.40219.1
Project("{FAE04EC0-301F-11D3-BF4B-00C04F79EFBC}") = "ReservationHotel", "ReservationHotel\ReservationHotel.csproj", "{C480C80E-D77F-457A-B8D1-48C8BD2EDF9F}"
EndProject
Global
	GlobalSection(SolutionConfigurationPlatforms) = preSolution
		Debug|Any CPU = Debug|Any CPU
		Release|Any CPU = Release|Any CPU
	EndGlobalSection
	GlobalSection(ProjectConfigurationPlatforms) = postSolution
		{C480C80E-D77F-457A-B8D1-48C8BD2EDF9F}.Debug|Any CPU.ActiveCfg = Debug|Any CPU
		{C480C80E-D77F-457A-B8D1-48C8BD2EDF9F}.Debug|Any CPU.Build.0 = Debug|Any CPU
		{C480C80E-D77F-457A-B8D1-48C8BD2EDF9F}.Release|Any CPU.ActiveCfg = Release|Any CPU
		{C480C80E-D77F-457A-B8D1-48C8BD2EDF9F}.Release|Any CPU.Build.0 = Release|Any CPU
	EndGlobalSection
	GlobalSection(SolutionProperties) = preSolution
		HideSolutionNode = FALSE
	EndGlobalSection
	GlobalSection(ExtensibilityGlobals) = postSolution
		SolutionGuid = {474E6AD0-9236-48AA-8536-CD03FB0AAD74}
	EndGlobalSection
EndGlobal
